
Microsoft Visual Studio Solution File, Format Version 12.00
# Visual Studio Version 17
VisualStudioVersion = 17.8.34330.188
MinimumVisualStudioVersion = 10.0.40219.1
Project("{8BC9CEB8-8B4A-11D0-8D11-00A0C91BC942}") = "GameManager", "GameManager\GameManager.vcxproj", "{2AEE685E-8A65-4245-AD4D-F085377891B9}"
EndProject
Project("{8BC9CEB8-8B4A-11D0-8D11-00A0C91BC942}") = "HobbitAnalyzer", "HobbitAnalyzer\HobbitAnalyzer.vcxproj", "{32278462-9CBA-4AC4-AED6-5459D9B36C7F}"
EndProject
Global
	GlobalSection(SolutionConfigurationPlatforms) = preSolution
		Debug|x64 = Debug|x64
		Debug|x86 = Debug|x86
		Release|x64 = Release|x64
		Release|x86 = Release|x86
	EndGlobalSection
	GlobalSection(ProjectConfigurationPlatforms) = postSolution
		{2AEE685E-8A65-4245-AD4D-F085377891B9}.Debug|x64.ActiveCfg = Debug|x64
		{2AEE685E-8A65-4245-AD4D-F085377891B9}.Debug|x64.Build.0 = Debug|x64
		{2AEE685E-8A65-4245-AD4D-F085377891B9}.Debug|x86.ActiveCfg = Debug|Win32
		{2AEE685E-8A65-4245-AD4D-F085377891B9}.Debug|x86.Build.0 = Debug|Win32
		{2AEE685E-8A65-4245-AD4D-F085377891B9}.Release|x64.ActiveCfg = Release|x64
		{2AEE685E-8A65-4245-AD4D-F085377891B9}.Release|x64.Build.0 = Release|x64
		{2AEE685E-8A65-4245-AD4D-F085377891B9}.Release|x86.ActiveCfg = Release|Win32
		{2AEE685E-8A65-4245-AD4D-F085377891B9}.Release|x86.Build.0 = Release|Win32
		{32278462-9CBA-4AC4-AED6-5459D9B36C7F}.Debug|x64.ActiveCfg = Debug|x64
		{32278462-9CBA-4AC4-AED6-5459D9B36C7F}.Debug|x64.Build.0 = Debug|x64
		{32278462-9CBA-4AC4-AED6-5459D9B36C7F}.Debug|x86.ActiveCfg = Debug|Win32
		{32278462-9CBA-4AC4-AED6-5459D9B36C7F}.Debug|x86.Build.0 = Debug|Win32
		{32278462-9CBA-4AC4-AED6-5459D9B36C7F}.Release|x64.ActiveCfg = Release|x64
		{32278462-9CBA-4AC4-AED6-5459D9B36C7F}.Release|x64.Build.0 = Release|x64
		{32278462-9CBA-4AC4-AED6-5459D9B36C7F}.Release|x86.ActiveCfg = Release|Win32
		{32278462-9CBA-4AC4-AED6-5459D9B36C7F}.Release|x86.Build.0 = Release|Win32
	EndGlobalSection
	GlobalSection(SolutionProperties) = preSolution
		HideSolutionNode = FALSE
	EndGlobalSection
	GlobalSection(ExtensibilityGlobals) = postSolution
		SolutionGuid = {9F886A7B-B436-42F8-9ECB-41CA1324981A}
	EndGlobalSection
EndGlobal
