
Microsoft Visual Studio Solution File, Format Version 12.00
# Visual Studio Version 17
VisualStudioVersion = 17.8.34330.188
MinimumVisualStudioVersion = 10.0.40219.1
Project("{8BC9CEB8-8B4A-11D0-8D11-00A0C91BC942}") = "GameManager", "GameManager\GameManager.vcxproj", "{2AEE685E-8A65-4245-AD4D-F085377891B9}"
EndProject
Project("{8BC9CEB8-8B4A-11D0-8D11-00A0C91BC942}") = "NetworkManager", "NetworkManager\NetworkManager.vcxproj", "{8CB81598-8725-4495-8DFF-690C6C59F7A1}"
EndProject
Project("{8BC9CEB8-8B4A-11D0-8D11-00A0C91BC942}") = "NetworkServer", "NetworkServer\NetworkServer.vcxproj", "{6995D2ED-9E6F-4593-9A97-8B03FB835793}"
EndProject
Project("{8BC9CEB8-8B4A-11D0-8D11-00A0C91BC942}") = "NetworkClient", "NetworkClient\NetworkClient.vcxproj", "{9F1CA1CA-FADA-4021-9D34-AEA818142CC2}"
EndProject
Project("{8BC9CEB8-8B4A-11D0-8D11-00A0C91BC942}") = "MultiplayerSetup", "MultiplayerSetup\MultiplayerSetup.vcxproj", "{EF055128-8A17-43D3-8B49-724F4929B909}"
EndProject
Project("{8BC9CEB8-8B4A-11D0-8D11-00A0C91BC942}") = "HobbitAnalyzer", "HobbitAnalyzer\HobbitAnalyzer.vcxproj", "{32278462-9CBA-4AC4-AED6-5459D9B36C7F}"
EndProject
Project("{8BC9CEB8-8B4A-11D0-8D11-00A0C91BC942}") = "GameClient", "GameClient\GameClient.vcxproj", "{84F0E7AD-A72D-41B1-B51B-86F560B1EA95}"
EndProject
Global
	GlobalSection(SolutionConfigurationPlatforms) = preSolution
		Debug|x64 = Debug|x64
		Debug|x86 = Debug|x86
		Release|x64 = Release|x64
		Release|x86 = Release|x86
	EndGlobalSection
	GlobalSection(ProjectConfigurationPlatforms) = postSolution
		{2AEE685E-8A65-4245-AD4D-F085377891B9}.Debug|x64.ActiveCfg = Debug|x64
		{2AEE685E-8A65-4245-AD4D-F085377891B9}.Debug|x64.Build.0 = Debug|x64
		{2AEE685E-8A65-4245-AD4D-F085377891B9}.Debug|x86.ActiveCfg = Debug|Win32
		{2AEE685E-8A65-4245-AD4D-F085377891B9}.Debug|x86.Build.0 = Debug|Win32
		{2AEE685E-8A65-4245-AD4D-F085377891B9}.Release|x64.ActiveCfg = Release|x64
		{2AEE685E-8A65-4245-AD4D-F085377891B9}.Release|x64.Build.0 = Release|x64
		{2AEE685E-8A65-4245-AD4D-F085377891B9}.Release|x86.ActiveCfg = Release|Win32
		{2AEE685E-8A65-4245-AD4D-F085377891B9}.Release|x86.Build.0 = Release|Win32
		{8CB81598-8725-4495-8DFF-690C6C59F7A1}.Debug|x64.ActiveCfg = Debug|x64
		{8CB81598-8725-4495-8DFF-690C6C59F7A1}.Debug|x64.Build.0 = Debug|x64
		{8CB81598-8725-4495-8DFF-690C6C59F7A1}.Debug|x86.ActiveCfg = Debug|Win32
		{8CB81598-8725-4495-8DFF-690C6C59F7A1}.Debug|x86.Build.0 = Debug|Win32
		{8CB81598-8725-4495-8DFF-690C6C59F7A1}.Release|x64.ActiveCfg = Release|x64
		{8CB81598-8725-4495-8DFF-690C6C59F7A1}.Release|x64.Build.0 = Release|x64
		{8CB81598-8725-4495-8DFF-690C6C59F7A1}.Release|x86.ActiveCfg = Release|Win32
		{8CB81598-8725-4495-8DFF-690C6C59F7A1}.Release|x86.Build.0 = Release|Win32
		{6995D2ED-9E6F-4593-9A97-8B03FB835793}.Debug|x64.ActiveCfg = Debug|x64
		{6995D2ED-9E6F-4593-9A97-8B03FB835793}.Debug|x64.Build.0 = Debug|x64
		{6995D2ED-9E6F-4593-9A97-8B03FB835793}.Debug|x86.ActiveCfg = Debug|Win32
		{6995D2ED-9E6F-4593-9A97-8B03FB835793}.Debug|x86.Build.0 = Debug|Win32
		{6995D2ED-9E6F-4593-9A97-8B03FB835793}.Release|x64.ActiveCfg = Release|x64
		{6995D2ED-9E6F-4593-9A97-8B03FB835793}.Release|x64.Build.0 = Release|x64
		{6995D2ED-9E6F-4593-9A97-8B03FB835793}.Release|x86.ActiveCfg = Release|Win32
		{6995D2ED-9E6F-4593-9A97-8B03FB835793}.Release|x86.Build.0 = Release|Win32
		{9F1CA1CA-FADA-4021-9D34-AEA818142CC2}.Debug|x64.ActiveCfg = Debug|x64
		{9F1CA1CA-FADA-4021-9D34-AEA818142CC2}.Debug|x64.Build.0 = Debug|x64
		{9F1CA1CA-FADA-4021-9D34-AEA818142CC2}.Debug|x86.ActiveCfg = Debug|Win32
		{9F1CA1CA-FADA-4021-9D34-AEA818142CC2}.Debug|x86.Build.0 = Debug|Win32
		{9F1CA1CA-FADA-4021-9D34-AEA818142CC2}.Release|x64.ActiveCfg = Release|x64
		{9F1CA1CA-FADA-4021-9D34-AEA818142CC2}.Release|x64.Build.0 = Release|x64
		{9F1CA1CA-FADA-4021-9D34-AEA818142CC2}.Release|x86.ActiveCfg = Release|Win32
		{9F1CA1CA-FADA-4021-9D34-AEA818142CC2}.Release|x86.Build.0 = Release|Win32
		{EF055128-8A17-43D3-8B49-724F4929B909}.Debug|x64.ActiveCfg = Debug|x64
		{EF055128-8A17-43D3-8B49-724F4929B909}.Debug|x64.Build.0 = Debug|x64
		{EF055128-8A17-43D3-8B49-724F4929B909}.Debug|x86.ActiveCfg = Debug|Win32
		{EF055128-8A17-43D3-8B49-724F4929B909}.Debug|x86.Build.0 = Debug|Win32
		{EF055128-8A17-43D3-8B49-724F4929B909}.Release|x64.ActiveCfg = Release|x64
		{EF055128-8A17-43D3-8B49-724F4929B909}.Release|x64.Build.0 = Release|x64
		{EF055128-8A17-43D3-8B49-724F4929B909}.Release|x86.ActiveCfg = Release|Win32
		{EF055128-8A17-43D3-8B49-724F4929B909}.Release|x86.Build.0 = Release|Win32
		{32278462-9CBA-4AC4-AED6-5459D9B36C7F}.Debug|x64.ActiveCfg = Debug|x64
		{32278462-9CBA-4AC4-AED6-5459D9B36C7F}.Debug|x64.Build.0 = Debug|x64
		{32278462-9CBA-4AC4-AED6-5459D9B36C7F}.Debug|x86.ActiveCfg = Debug|Win32
		{32278462-9CBA-4AC4-AED6-5459D9B36C7F}.Debug|x86.Build.0 = Debug|Win32
		{32278462-9CBA-4AC4-AED6-5459D9B36C7F}.Release|x64.ActiveCfg = Release|x64
		{32278462-9CBA-4AC4-AED6-5459D9B36C7F}.Release|x64.Build.0 = Release|x64
		{32278462-9CBA-4AC4-AED6-5459D9B36C7F}.Release|x86.ActiveCfg = Release|Win32
		{32278462-9CBA-4AC4-AED6-5459D9B36C7F}.Release|x86.Build.0 = Release|Win32
		{84F0E7AD-A72D-41B1-B51B-86F560B1EA95}.Debug|x64.ActiveCfg = Debug|x64
		{84F0E7AD-A72D-41B1-B51B-86F560B1EA95}.Debug|x64.Build.0 = Debug|x64
		{84F0E7AD-A72D-41B1-B51B-86F560B1EA95}.Debug|x86.ActiveCfg = Debug|Win32
		{84F0E7AD-A72D-41B1-B51B-86F560B1EA95}.Debug|x86.Build.0 = Debug|Win32
		{84F0E7AD-A72D-41B1-B51B-86F560B1EA95}.Release|x64.ActiveCfg = Release|x64
		{84F0E7AD-A72D-41B1-B51B-86F560B1EA95}.Release|x64.Build.0 = Release|x64
		{84F0E7AD-A72D-41B1-B51B-86F560B1EA95}.Release|x86.ActiveCfg = Release|Win32
		{84F0E7AD-A72D-41B1-B51B-86F560B1EA95}.Release|x86.Build.0 = Release|Win32
	EndGlobalSection
	GlobalSection(SolutionProperties) = preSolution
		HideSolutionNode = FALSE
	EndGlobalSection
	GlobalSection(ExtensibilityGlobals) = postSolution
		SolutionGuid = {9F886A7B-B436-42F8-9ECB-41CA1324981A}
	EndGlobalSection
EndGlobal
