<?xml version="1.0" encoding="utf-8"?>
<Project ToolsVersion="4.0" xmlns="http://schemas.microsoft.com/developer/msbuild/2003">
  <ItemGroup>
    <Filter Include="Source Files">
      <UniqueIdentifier>{4FC737F1-C7A5-4376-A066-2A32D752A2FF}</UniqueIdentifier>
      <Extensions>cpp;c;cc;cxx;c++;cppm;ixx;def;odl;idl;hpj;bat;asm;asmx</Extensions>
    </Filter>
    <Filter Include="Header Files">
      <UniqueIdentifier>{93995380-89BD-4b04-88EB-625FBE52EBFB}</UniqueIdentifier>
      <Extensions>h;hh;hpp;hxx;h++;hm;inl;inc;ipp;xsd</Extensions>
    </Filter>
    <Filter Include="Resource Files">
      <UniqueIdentifier>{67DA6AB6-F800-4c08-8B7A-83BB121AAD01}</UniqueIdentifier>
      <Extensions>rc;ico;cur;bmp;dlg;rc2;rct;bin;rgs;gif;jpg;jpeg;jpe;resx;tiff;tif;png;wav;mfcribbon-ms</Extensions>
    </Filter>
    <Filter Include="ClientEntity">
      <UniqueIdentifier>{4d72f520-6ce3-4d88-aa96-c1d291d46e30}</UniqueIdentifier>
    </Filter>
    <Filter Include="ClientEntity\headers">
      <UniqueIdentifier>{a091dcf1-d888-4d8b-99b3-0bd00fec6fe1}</UniqueIdentifier>
    </Filter>
    <Filter Include="ClientEntity\sources">
      <UniqueIdentifier>{cb96641d-ec0d-4bce-bc1e-1b017d6b6ff0}</UniqueIdentifier>
    </Filter>
  </ItemGroup>
  <ItemGroup>
    <ClInclude Include="NPC.h">
      <Filter>Header Files</Filter>
    </ClInclude>
    <ClInclude Include="OtherPlayer.h">
      <Filter>ClientEntity\headers</Filter>
    </ClInclude>
    <ClInclude Include="GameManager.h">
      <Filter>Header Files</Filter>
    </ClInclude>
    <ClInclude Include="ClientEntity.h">
      <Filter>ClientEntity\headers</Filter>
    </ClInclude>
    <ClInclude Include="MemoryAccess.h">
      <Filter>Header Files</Filter>
    </ClInclude>
    <ClInclude Include="MainPlayer.h">
      <Filter>ClientEntity\headers</Filter>
    </ClInclude>
  </ItemGroup>
  <ItemGroup>
    <ClCompile Include="NPC.cpp">
      <Filter>Source Files</Filter>
    </ClCompile>
    <ClCompile Include="MemoryAccess.cpp">
      <Filter>Source Files</Filter>
    </ClCompile>
    <ClCompile Include="GameManager.cpp">
      <Filter>Source Files</Filter>
    </ClCompile>
    <ClCompile Include="ClientEntity.cpp">
      <Filter>ClientEntity\sources</Filter>
    </ClCompile>
    <ClCompile Include="MainPlayer.cpp">
      <Filter>ClientEntity\sources</Filter>
    </ClCompile>
    <ClCompile Include="OtherPlayer.cpp">
      <Filter>ClientEntity\sources</Filter>
    </ClCompile>
  </ItemGroup>
</Project>